Microsoft Visual Studio Solution File, Format Version 9.00
# Visual Studio 2005
Project("{8BC9CEB8-8B4A-11D0-8D11-00A0C91BC942}") = "Lua", "Make\luaLib.vcproj", "{5321A7AD-AB19-4801-BEFA-A95EEA25E243}"
EndProject
Project("{8BC9CEB8-8B4A-11D0-8D11-00A0C91BC942}") = "Fox", "Make\Fox.vcproj", "{BA29D8C4-A834-4C2D-9FFC-B43A13BA31F4}"
EndProject
Project("{8BC9CEB8-8B4A-11D0-8D11-00A0C91BC942}") = "TsiU", "Make\TsiU.vcproj", "{F0CA1544-01BB-4EC9-A683-E9278FE2AFCF}"
EndProject
Project("{8BC9CEB8-8B4A-11D0-8D11-00A0C91BC942}") = "TWin32", "Make\TWin32.vcproj", "{C6C37871-5C1D-49F3-BFB7-87FC9C7C5959}"
EndProject
Project("{8BC9CEB8-8B4A-11D0-8D11-00A0C91BC942}") = "SoccerDebuggerV2", "SoccerDebuggerV2\SoccerDebuggerV2.vcproj", "{75DE401A-3C13-4B87-86A9-4A080DA3306C}"
	ProjectSection(ProjectDependencies) = postProject
		{BA29D8C4-A834-4C2D-9FFC-B43A13BA31F4} = {BA29D8C4-A834-4C2D-9FFC-B43A13BA31F4}
		{5321A7AD-AB19-4801-BEFA-A95EEA25E243} = {5321A7AD-AB19-4801-BEFA-A95EEA25E243}
		{C6C37871-5C1D-49F3-BFB7-87FC9C7C5959} = {C6C37871-5C1D-49F3-BFB7-87FC9C7C5959}
		{F0CA1544-01BB-4EC9-A683-E9278FE2AFCF} = {F0CA1544-01BB-4EC9-A683-E9278FE2AFCF}
	EndProjectSection
EndProject
Project("{8BC9CEB8-8B4A-11D0-8D11-00A0C91BC942}") = "SoccerLauncher", "SoccerLauncher\SoccerLauncher.vcproj", "{7FFAACED-4CCA-4D46-BFB8-14F36571E743}"
	ProjectSection(ProjectDependencies) = postProject
		{BA29D8C4-A834-4C2D-9FFC-B43A13BA31F4} = {BA29D8C4-A834-4C2D-9FFC-B43A13BA31F4}
		{5321A7AD-AB19-4801-BEFA-A95EEA25E243} = {5321A7AD-AB19-4801-BEFA-A95EEA25E243}
		{C6C37871-5C1D-49F3-BFB7-87FC9C7C5959} = {C6C37871-5C1D-49F3-BFB7-87FC9C7C5959}
		{F0CA1544-01BB-4EC9-A683-E9278FE2AFCF} = {F0CA1544-01BB-4EC9-A683-E9278FE2AFCF}
	EndProjectSection
EndProject
Project("{8BC9CEB8-8B4A-11D0-8D11-00A0C91BC942}") = "LuckyDraw", "LuckyDraw\LuckyDraw.vcproj", "{84B9108E-E321-464D-9CB7-30D3427A6004}"
	ProjectSection(ProjectDependencies) = postProject
		{BA29D8C4-A834-4C2D-9FFC-B43A13BA31F4} = {BA29D8C4-A834-4C2D-9FFC-B43A13BA31F4}
		{5321A7AD-AB19-4801-BEFA-A95EEA25E243} = {5321A7AD-AB19-4801-BEFA-A95EEA25E243}
		{C6C37871-5C1D-49F3-BFB7-87FC9C7C5959} = {C6C37871-5C1D-49F3-BFB7-87FC9C7C5959}
		{F0CA1544-01BB-4EC9-A683-E9278FE2AFCF} = {F0CA1544-01BB-4EC9-A683-E9278FE2AFCF}
	EndProjectSection
EndProject
Project("{8BC9CEB8-8B4A-11D0-8D11-00A0C91BC942}") = "Guess", "Guess\Guess.vcproj", "{056F3B6F-1173-4D86-9F6D-500D40A43B74}"
	ProjectSection(ProjectDependencies) = postProject
		{F0CA1544-01BB-4EC9-A683-E9278FE2AFCF} = {F0CA1544-01BB-4EC9-A683-E9278FE2AFCF}
		{C6C37871-5C1D-49F3-BFB7-87FC9C7C5959} = {C6C37871-5C1D-49F3-BFB7-87FC9C7C5959}
		{5321A7AD-AB19-4801-BEFA-A95EEA25E243} = {5321A7AD-AB19-4801-BEFA-A95EEA25E243}
		{BA29D8C4-A834-4C2D-9FFC-B43A13BA31F4} = {BA29D8C4-A834-4C2D-9FFC-B43A13BA31F4}
	EndProjectSection
EndProject
Project("{2150E333-8FDC-42A3-9474-1A3956D46DE8}") = "SampleApps", "SampleApps", "{8485DF12-9A6C-40E1-802B-632A27643DF0}"
EndProject
Global
	GlobalSection(SolutionConfigurationPlatforms) = preSolution
		Debug NoDX|Win32 = Debug NoDX|Win32
		Debug|Win32 = Debug|Win32
		Release|Win32 = Release|Win32
	EndGlobalSection
	GlobalSection(ProjectConfigurationPlatforms) = postSolution
		{5321A7AD-AB19-4801-BEFA-A95EEA25E243}.Debug NoDX|Win32.ActiveCfg = Debug|Win32
		{5321A7AD-AB19-4801-BEFA-A95EEA25E243}.Debug NoDX|Win32.Build.0 = Debug|Win32
		{5321A7AD-AB19-4801-BEFA-A95EEA25E243}.Debug|Win32.ActiveCfg = Debug|Win32
		{5321A7AD-AB19-4801-BEFA-A95EEA25E243}.Debug|Win32.Build.0 = Debug|Win32
		{5321A7AD-AB19-4801-BEFA-A95EEA25E243}.Release|Win32.ActiveCfg = Release|Win32
		{5321A7AD-AB19-4801-BEFA-A95EEA25E243}.Release|Win32.Build.0 = Release|Win32
		{BA29D8C4-A834-4C2D-9FFC-B43A13BA31F4}.Debug NoDX|Win32.ActiveCfg = Debug|Win32
		{BA29D8C4-A834-4C2D-9FFC-B43A13BA31F4}.Debug NoDX|Win32.Build.0 = Debug|Win32
		{BA29D8C4-A834-4C2D-9FFC-B43A13BA31F4}.Debug|Win32.ActiveCfg = Debug|Win32
		{BA29D8C4-A834-4C2D-9FFC-B43A13BA31F4}.Debug|Win32.Build.0 = Debug|Win32
		{BA29D8C4-A834-4C2D-9FFC-B43A13BA31F4}.Release|Win32.ActiveCfg = Release|Win32
		{BA29D8C4-A834-4C2D-9FFC-B43A13BA31F4}.Release|Win32.Build.0 = Release|Win32
		{F0CA1544-01BB-4EC9-A683-E9278FE2AFCF}.Debug NoDX|Win32.ActiveCfg = Debug NoDX|Win32
		{F0CA1544-01BB-4EC9-A683-E9278FE2AFCF}.Debug NoDX|Win32.Build.0 = Debug NoDX|Win32
		{F0CA1544-01BB-4EC9-A683-E9278FE2AFCF}.Debug|Win32.ActiveCfg = Debug|Win32
		{F0CA1544-01BB-4EC9-A683-E9278FE2AFCF}.Debug|Win32.Build.0 = Debug|Win32
		{F0CA1544-01BB-4EC9-A683-E9278FE2AFCF}.Release|Win32.ActiveCfg = Release|Win32
		{F0CA1544-01BB-4EC9-A683-E9278FE2AFCF}.Release|Win32.Build.0 = Release|Win32
		{C6C37871-5C1D-49F3-BFB7-87FC9C7C5959}.Debug NoDX|Win32.ActiveCfg = Debug NoDX|Win32
		{C6C37871-5C1D-49F3-BFB7-87FC9C7C5959}.Debug NoDX|Win32.Build.0 = Debug NoDX|Win32
		{C6C37871-5C1D-49F3-BFB7-87FC9C7C5959}.Debug|Win32.ActiveCfg = Debug|Win32
		{C6C37871-5C1D-49F3-BFB7-87FC9C7C5959}.Debug|Win32.Build.0 = Debug|Win32
		{C6C37871-5C1D-49F3-BFB7-87FC9C7C5959}.Release|Win32.ActiveCfg = Release|Win32
		{C6C37871-5C1D-49F3-BFB7-87FC9C7C5959}.Release|Win32.Build.0 = Release|Win32
		{75DE401A-3C13-4B87-86A9-4A080DA3306C}.Debug NoDX|Win32.ActiveCfg = Debug|Win32
		{75DE401A-3C13-4B87-86A9-4A080DA3306C}.Debug|Win32.ActiveCfg = Debug|Win32
		{75DE401A-3C13-4B87-86A9-4A080DA3306C}.Release|Win32.ActiveCfg = Release|Win32
		{75DE401A-3C13-4B87-86A9-4A080DA3306C}.Release|Win32.Build.0 = Release|Win32
		{7FFAACED-4CCA-4D46-BFB8-14F36571E743}.Debug NoDX|Win32.ActiveCfg = Debug|Win32
		{7FFAACED-4CCA-4D46-BFB8-14F36571E743}.Debug|Win32.ActiveCfg = Debug|Win32
		{7FFAACED-4CCA-4D46-BFB8-14F36571E743}.Release|Win32.ActiveCfg = Release|Win32
		{7FFAACED-4CCA-4D46-BFB8-14F36571E743}.Release|Win32.Build.0 = Release|Win32
		{84B9108E-E321-464D-9CB7-30D3427A6004}.Debug NoDX|Win32.ActiveCfg = Debug|Win32
		{84B9108E-E321-464D-9CB7-30D3427A6004}.Debug|Win32.ActiveCfg = Debug|Win32
		{84B9108E-E321-464D-9CB7-30D3427A6004}.Release|Win32.ActiveCfg = Release|Win32
		{84B9108E-E321-464D-9CB7-30D3427A6004}.Release|Win32.Build.0 = Release|Win32
		{056F3B6F-1173-4D86-9F6D-500D40A43B74}.Debug NoDX|Win32.ActiveCfg = Debug|Win32
		{056F3B6F-1173-4D86-9F6D-500D40A43B74}.Debug NoDX|Win32.Build.0 = Debug|Win32
		{056F3B6F-1173-4D86-9F6D-500D40A43B74}.Debug|Win32.ActiveCfg = Debug|Win32
		{056F3B6F-1173-4D86-9F6D-500D40A43B74}.Debug|Win32.Build.0 = Debug|Win32
		{056F3B6F-1173-4D86-9F6D-500D40A43B74}.Release|Win32.ActiveCfg = Release|Win32
		{056F3B6F-1173-4D86-9F6D-500D40A43B74}.Release|Win32.Build.0 = Release|Win32
	EndGlobalSection
	GlobalSection(SolutionProperties) = preSolution
		HideSolutionNode = FALSE
	EndGlobalSection
	GlobalSection(NestedProjects) = preSolution
		{7FFAACED-4CCA-4D46-BFB8-14F36571E743} = {8485DF12-9A6C-40E1-802B-632A27643DF0}
		{84B9108E-E321-464D-9CB7-30D3427A6004} = {8485DF12-9A6C-40E1-802B-632A27643DF0}
		{056F3B6F-1173-4D86-9F6D-500D40A43B74} = {8485DF12-9A6C-40E1-802B-632A27643DF0}
		{75DE401A-3C13-4B87-86A9-4A080DA3306C} = {8485DF12-9A6C-40E1-802B-632A27643DF0}
	EndGlobalSection
EndGlobal
