Microsoft Visual Studio Solution File, Format Version 9.00
# Visual Studio 2005
Project("{2150E333-8FDC-42A3-9474-1A3956D46DE8}") = "SampleApps", "SampleApps", "{8485DF12-9A6C-40E1-802B-632A27643DF0}"
EndProject
Project("{8BC9CEB8-8B4A-11D0-8D11-00A0C91BC942}") = "UDT", "Make\UDT.vcproj", "{1941C513-8DD7-497C-88AE-858BB84885D6}"
EndProject
Project("{8BC9CEB8-8B4A-11D0-8D11-00A0C91BC942}") = "AITest", "AITest\AITest.vcproj", "{9EF553EE-AF91-4B5A-8728-B64BB7230EEB}"
	ProjectSection(ProjectDependencies) = postProject
		{1941C513-8DD7-497C-88AE-858BB84885D6} = {1941C513-8DD7-497C-88AE-858BB84885D6}
		{F0CA1544-01BB-4EC9-A683-E9278FE2AFCF} = {F0CA1544-01BB-4EC9-A683-E9278FE2AFCF}
		{C6C37871-5C1D-49F3-BFB7-87FC9C7C5959} = {C6C37871-5C1D-49F3-BFB7-87FC9C7C5959}
		{5321A7AD-AB19-4801-BEFA-A95EEA25E243} = {5321A7AD-AB19-4801-BEFA-A95EEA25E243}
		{BA29D8C4-A834-4C2D-9FFC-B43A13BA31F4} = {BA29D8C4-A834-4C2D-9FFC-B43A13BA31F4}
	EndProjectSection
EndProject
Project("{8BC9CEB8-8B4A-11D0-8D11-00A0C91BC942}") = "Fox", "Make\Fox.vcproj", "{BA29D8C4-A834-4C2D-9FFC-B43A13BA31F4}"
EndProject
Project("{8BC9CEB8-8B4A-11D0-8D11-00A0C91BC942}") = "Lua", "Make\luaLib.vcproj", "{5321A7AD-AB19-4801-BEFA-A95EEA25E243}"
EndProject
Project("{8BC9CEB8-8B4A-11D0-8D11-00A0C91BC942}") = "TsiU", "Make\TsiU.vcproj", "{F0CA1544-01BB-4EC9-A683-E9278FE2AFCF}"
EndProject
Project("{8BC9CEB8-8B4A-11D0-8D11-00A0C91BC942}") = "TWin32", "Make\TWin32.vcproj", "{C6C37871-5C1D-49F3-BFB7-87FC9C7C5959}"
EndProject
Global
	GlobalSection(SolutionConfigurationPlatforms) = preSolution
		Debug NoDX|Win32 = Debug NoDX|Win32
		Debug|Win32 = Debug|Win32
		Release NoDX|Win32 = Release NoDX|Win32
		Release|Win32 = Release|Win32
	EndGlobalSection
	GlobalSection(ProjectConfigurationPlatforms) = postSolution
		{1941C513-8DD7-497C-88AE-858BB84885D6}.Debug NoDX|Win32.ActiveCfg = Debug|Win32
		{1941C513-8DD7-497C-88AE-858BB84885D6}.Debug NoDX|Win32.Build.0 = Debug|Win32
		{1941C513-8DD7-497C-88AE-858BB84885D6}.Debug|Win32.ActiveCfg = Debug|Win32
		{1941C513-8DD7-497C-88AE-858BB84885D6}.Debug|Win32.Build.0 = Debug|Win32
		{1941C513-8DD7-497C-88AE-858BB84885D6}.Release NoDX|Win32.ActiveCfg = Release|Win32
		{1941C513-8DD7-497C-88AE-858BB84885D6}.Release NoDX|Win32.Build.0 = Release|Win32
		{1941C513-8DD7-497C-88AE-858BB84885D6}.Release|Win32.ActiveCfg = Release|Win32
		{1941C513-8DD7-497C-88AE-858BB84885D6}.Release|Win32.Build.0 = Release|Win32
		{9EF553EE-AF91-4B5A-8728-B64BB7230EEB}.Debug NoDX|Win32.ActiveCfg = Debug NoDX|Win32
		{9EF553EE-AF91-4B5A-8728-B64BB7230EEB}.Debug NoDX|Win32.Build.0 = Debug NoDX|Win32
		{9EF553EE-AF91-4B5A-8728-B64BB7230EEB}.Debug|Win32.ActiveCfg = Debug|Win32
		{9EF553EE-AF91-4B5A-8728-B64BB7230EEB}.Debug|Win32.Build.0 = Debug|Win32
		{9EF553EE-AF91-4B5A-8728-B64BB7230EEB}.Release NoDX|Win32.ActiveCfg = Release NoDX|Win32
		{9EF553EE-AF91-4B5A-8728-B64BB7230EEB}.Release NoDX|Win32.Build.0 = Release NoDX|Win32
		{9EF553EE-AF91-4B5A-8728-B64BB7230EEB}.Release|Win32.ActiveCfg = Release|Win32
		{9EF553EE-AF91-4B5A-8728-B64BB7230EEB}.Release|Win32.Build.0 = Release|Win32
		{BA29D8C4-A834-4C2D-9FFC-B43A13BA31F4}.Debug NoDX|Win32.ActiveCfg = Debug|Win32
		{BA29D8C4-A834-4C2D-9FFC-B43A13BA31F4}.Debug NoDX|Win32.Build.0 = Debug|Win32
		{BA29D8C4-A834-4C2D-9FFC-B43A13BA31F4}.Debug|Win32.ActiveCfg = Debug|Win32
		{BA29D8C4-A834-4C2D-9FFC-B43A13BA31F4}.Debug|Win32.Build.0 = Debug|Win32
		{BA29D8C4-A834-4C2D-9FFC-B43A13BA31F4}.Release NoDX|Win32.ActiveCfg = Release|Win32
		{BA29D8C4-A834-4C2D-9FFC-B43A13BA31F4}.Release NoDX|Win32.Build.0 = Release|Win32
		{BA29D8C4-A834-4C2D-9FFC-B43A13BA31F4}.Release|Win32.ActiveCfg = Release|Win32
		{BA29D8C4-A834-4C2D-9FFC-B43A13BA31F4}.Release|Win32.Build.0 = Release|Win32
		{5321A7AD-AB19-4801-BEFA-A95EEA25E243}.Debug NoDX|Win32.ActiveCfg = Debug|Win32
		{5321A7AD-AB19-4801-BEFA-A95EEA25E243}.Debug NoDX|Win32.Build.0 = Debug|Win32
		{5321A7AD-AB19-4801-BEFA-A95EEA25E243}.Debug|Win32.ActiveCfg = Debug|Win32
		{5321A7AD-AB19-4801-BEFA-A95EEA25E243}.Debug|Win32.Build.0 = Debug|Win32
		{5321A7AD-AB19-4801-BEFA-A95EEA25E243}.Release NoDX|Win32.ActiveCfg = Release|Win32
		{5321A7AD-AB19-4801-BEFA-A95EEA25E243}.Release NoDX|Win32.Build.0 = Release|Win32
		{5321A7AD-AB19-4801-BEFA-A95EEA25E243}.Release|Win32.ActiveCfg = Release|Win32
		{5321A7AD-AB19-4801-BEFA-A95EEA25E243}.Release|Win32.Build.0 = Release|Win32
		{F0CA1544-01BB-4EC9-A683-E9278FE2AFCF}.Debug NoDX|Win32.ActiveCfg = Debug NoDX|Win32
		{F0CA1544-01BB-4EC9-A683-E9278FE2AFCF}.Debug NoDX|Win32.Build.0 = Debug NoDX|Win32
		{F0CA1544-01BB-4EC9-A683-E9278FE2AFCF}.Debug|Win32.ActiveCfg = Debug|Win32
		{F0CA1544-01BB-4EC9-A683-E9278FE2AFCF}.Debug|Win32.Build.0 = Debug|Win32
		{F0CA1544-01BB-4EC9-A683-E9278FE2AFCF}.Release NoDX|Win32.ActiveCfg = Release NoDX|Win32
		{F0CA1544-01BB-4EC9-A683-E9278FE2AFCF}.Release NoDX|Win32.Build.0 = Release NoDX|Win32
		{F0CA1544-01BB-4EC9-A683-E9278FE2AFCF}.Release|Win32.ActiveCfg = Release|Win32
		{F0CA1544-01BB-4EC9-A683-E9278FE2AFCF}.Release|Win32.Build.0 = Release|Win32
		{C6C37871-5C1D-49F3-BFB7-87FC9C7C5959}.Debug NoDX|Win32.ActiveCfg = Debug NoDX|Win32
		{C6C37871-5C1D-49F3-BFB7-87FC9C7C5959}.Debug NoDX|Win32.Build.0 = Debug NoDX|Win32
		{C6C37871-5C1D-49F3-BFB7-87FC9C7C5959}.Debug|Win32.ActiveCfg = Debug|Win32
		{C6C37871-5C1D-49F3-BFB7-87FC9C7C5959}.Debug|Win32.Build.0 = Debug|Win32
		{C6C37871-5C1D-49F3-BFB7-87FC9C7C5959}.Release NoDX|Win32.ActiveCfg = Release NoDX|Win32
		{C6C37871-5C1D-49F3-BFB7-87FC9C7C5959}.Release NoDX|Win32.Build.0 = Release NoDX|Win32
		{C6C37871-5C1D-49F3-BFB7-87FC9C7C5959}.Release|Win32.ActiveCfg = Release|Win32
		{C6C37871-5C1D-49F3-BFB7-87FC9C7C5959}.Release|Win32.Build.0 = Release|Win32
	EndGlobalSection
	GlobalSection(SolutionProperties) = preSolution
		HideSolutionNode = FALSE
	EndGlobalSection
	GlobalSection(NestedProjects) = preSolution
		{9EF553EE-AF91-4B5A-8728-B64BB7230EEB} = {8485DF12-9A6C-40E1-802B-632A27643DF0}
	EndGlobalSection
EndGlobal
